// !$*UTF8*$!
{
	archiveVersion = 1;
	classes = {
	};
	objectVersion = 56;
	objects = {

/* Begin PBXBuildFile section */
		27003EF72AD5BD1C000A8DAB /* AlbumWikipediaView.swift in Sources */ = {isa = PBXBuildFile; fileRef = 27003EF62AD5BD1C000A8DAB /* AlbumWikipediaView.swift */; };
		273258AB2A0583B60086CA5E /* Assets.xcassets in Resources */ = {isa = PBXBuildFile; fileRef = 2732589C2A0583B50086CA5E /* Assets.xcassets */; };
		273258AC2A0583B60086CA5E /* Song.swift in Sources */ = {isa = PBXBuildFile; fileRef = 2732589E2A0583B50086CA5E /* Song.swift */; };
		273258AD2A0583B60086CA5E /* songs.json in Resources */ = {isa = PBXBuildFile; fileRef = 2732589F2A0583B50086CA5E /* songs.json */; };
		273258AE2A0583B60086CA5E /* albums.json in Resources */ = {isa = PBXBuildFile; fileRef = 273258A02A0583B50086CA5E /* albums.json */; };
		273258AF2A0583B60086CA5E /* Album.swift in Sources */ = {isa = PBXBuildFile; fileRef = 273258A12A0583B50086CA5E /* Album.swift */; };
		273258B02A0583B60086CA5E /* Preview Assets.xcassets in Resources */ = {isa = PBXBuildFile; fileRef = 273258A32A0583B50086CA5E /* Preview Assets.xcassets */; };
		273258B12A0583B60086CA5E /* AlbumView.swift in Sources */ = {isa = PBXBuildFile; fileRef = 273258A42A0583B50086CA5E /* AlbumView.swift */; };
		273258B22A0583B60086CA5E /* AlbumDetailsView.swift in Sources */ = {isa = PBXBuildFile; fileRef = 273258A52A0583B50086CA5E /* AlbumDetailsView.swift */; };
		273258B32A0583B60086CA5E /* AlbumsView.swift in Sources */ = {isa = PBXBuildFile; fileRef = 273258A62A0583B50086CA5E /* AlbumsView.swift */; };
		273258B42A0583B60086CA5E /* Utils.swift in Sources */ = {isa = PBXBuildFile; fileRef = 273258A72A0583B50086CA5E /* Utils.swift */; };
		273258B52A0583B60086CA5E /* FavoriteSongsView.swift in Sources */ = {isa = PBXBuildFile; fileRef = 273258A82A0583B50086CA5E /* FavoriteSongsView.swift */; };
		273258B62A0583B60086CA5E /* TheBeatlesApp.swift in Sources */ = {isa = PBXBuildFile; fileRef = 273258A92A0583B50086CA5E /* TheBeatlesApp.swift */; };
		273258B72A0583B60086CA5E /* ContentView.swift in Sources */ = {isa = PBXBuildFile; fileRef = 273258AA2A0583B50086CA5E /* ContentView.swift */; };
/* End PBXBuildFile section */

/* Begin PBXFileReference section */
		27003EF62AD5BD1C000A8DAB /* AlbumWikipediaView.swift */ = {isa = PBXFileReference; lastKnownFileType = sourcecode.swift; path = AlbumWikipediaView.swift; sourceTree = "<group>"; };
		2732589C2A0583B50086CA5E /* Assets.xcassets */ = {isa = PBXFileReference; lastKnownFileType = folder.assetcatalog; path = Assets.xcassets; sourceTree = "<group>"; };
		2732589E2A0583B50086CA5E /* Song.swift */ = {isa = PBXFileReference; fileEncoding = 4; lastKnownFileType = sourcecode.swift; path = Song.swift; sourceTree = "<group>"; };
		2732589F2A0583B50086CA5E /* songs.json */ = {isa = PBXFileReference; fileEncoding = 4; lastKnownFileType = text.json; path = songs.json; sourceTree = "<group>"; };
		273258A02A0583B50086CA5E /* albums.json */ = {isa = PBXFileReference; fileEncoding = 4; lastKnownFileType = text.json; path = albums.json; sourceTree = "<group>"; };
		273258A12A0583B50086CA5E /* Album.swift */ = {isa = PBXFileReference; fileEncoding = 4; lastKnownFileType = sourcecode.swift; path = Album.swift; sourceTree = "<group>"; };
		273258A32A0583B50086CA5E /* Preview Assets.xcassets */ = {isa = PBXFileReference; lastKnownFileType = folder.assetcatalog; path = "Preview Assets.xcassets"; sourceTree = "<group>"; };
		273258A42A0583B50086CA5E /* AlbumView.swift */ = {isa = PBXFileReference; fileEncoding = 4; lastKnownFileType = sourcecode.swift; path = AlbumView.swift; sourceTree = "<group>"; };
		273258A52A0583B50086CA5E /* AlbumDetailsView.swift */ = {isa = PBXFileReference; fileEncoding = 4; lastKnownFileType = sourcecode.swift; path = AlbumDetailsView.swift; sourceTree = "<group>"; };
		273258A62A0583B50086CA5E /* AlbumsView.swift */ = {isa = PBXFileReference; fileEncoding = 4; lastKnownFileType = sourcecode.swift; path = AlbumsView.swift; sourceTree = "<group>"; };
		273258A72A0583B50086CA5E /* Utils.swift */ = {isa = PBXFileReference; fileEncoding = 4; lastKnownFileType = sourcecode.swift; path = Utils.swift; sourceTree = "<group>"; };
		273258A82A0583B50086CA5E /* FavoriteSongsView.swift */ = {isa = PBXFileReference; fileEncoding = 4; lastKnownFileType = sourcecode.swift; path = FavoriteSongsView.swift; sourceTree = "<group>"; };
		273258A92A0583B50086CA5E /* TheBeatlesApp.swift */ = {isa = PBXFileReference; fileEncoding = 4; lastKnownFileType = sourcecode.swift; path = TheBeatlesApp.swift; sourceTree = "<group>"; };
		273258AA2A0583B50086CA5E /* ContentView.swift */ = {isa = PBXFileReference; fileEncoding = 4; lastKnownFileType = sourcecode.swift; path = ContentView.swift; sourceTree = "<group>"; };
		27788B312A056E01000442CA /* TheBeatlesApp.app */ = {isa = PBXFileReference; explicitFileType = wrapper.application; includeInIndex = 0; path = TheBeatlesApp.app; sourceTree = BUILT_PRODUCTS_DIR; };
/* End PBXFileReference section */

/* Begin PBXFrameworksBuildPhase section */
		27788B2E2A056E01000442CA /* Frameworks */ = {
			isa = PBXFrameworksBuildPhase;
			buildActionMask = 2147483647;
			files = (
			);
			runOnlyForDeploymentPostprocessing = 0;
		};
/* End PBXFrameworksBuildPhase section */

/* Begin PBXGroup section */
		2732589B2A0583B50086CA5E /* TheBeatlesApp */ = {
			isa = PBXGroup;
			children = (
				2732589C2A0583B50086CA5E /* Assets.xcassets */,
				273258A92A0583B50086CA5E /* TheBeatlesApp.swift */,
				2732589D2A0583B50086CA5E /* Models */,
				273258AA2A0583B50086CA5E /* ContentView.swift */,
				273258A62A0583B50086CA5E /* AlbumsView.swift */,
				273258A42A0583B50086CA5E /* AlbumView.swift */,
				27003EF62AD5BD1C000A8DAB /* AlbumWikipediaView.swift */,
				273258A52A0583B50086CA5E /* AlbumDetailsView.swift */,
				273258A82A0583B50086CA5E /* FavoriteSongsView.swift */,
				273258A72A0583B50086CA5E /* Utils.swift */,
				273258A22A0583B50086CA5E /* Preview Content */,
			);
			path = TheBeatlesApp;
			sourceTree = "<group>";
		};
		2732589D2A0583B50086CA5E /* Models */ = {
			isa = PBXGroup;
			children = (
				273258A12A0583B50086CA5E /* Album.swift */,
				2732589E2A0583B50086CA5E /* Song.swift */,
				2732589F2A0583B50086CA5E /* songs.json */,
				273258A02A0583B50086CA5E /* albums.json */,
			);
			path = Models;
			sourceTree = "<group>";
		};
		273258A22A0583B50086CA5E /* Preview Content */ = {
			isa = PBXGroup;
			children = (
				273258A32A0583B50086CA5E /* Preview Assets.xcassets */,
			);
			path = "Preview Content";
			sourceTree = "<group>";
		};
		27788B282A056E01000442CA = {
			isa = PBXGroup;
			children = (
				2732589B2A0583B50086CA5E /* TheBeatlesApp */,
				27788B322A056E01000442CA /* Products */,
			);
			sourceTree = "<group>";
		};
		27788B322A056E01000442CA /* Products */ = {
			isa = PBXGroup;
			children = (
				27788B312A056E01000442CA /* TheBeatlesApp.app */,
			);
			name = Products;
			sourceTree = "<group>";
		};
/* End PBXGroup section */

/* Begin PBXNativeTarget section */
		27788B302A056E01000442CA /* TheBeatlesApp */ = {
			isa = PBXNativeTarget;
			buildConfigurationList = 27788B3F2A056E02000442CA /* Build configuration list for PBXNativeTarget "TheBeatlesApp" */;
			buildPhases = (
				27788B2D2A056E01000442CA /* Sources */,
				27788B2E2A056E01000442CA /* Frameworks */,
				27788B2F2A056E01000442CA /* Resources */,
			);
			buildRules = (
			);
			dependencies = (
			);
			name = TheBeatlesApp;
			productName = HelloSwiftUI;
			productReference = 27788B312A056E01000442CA /* TheBeatlesApp.app */;
			productType = "com.apple.product-type.application";
		};
/* End PBXNativeTarget section */

/* Begin PBXProject section */
		27788B292A056E01000442CA /* Project object */ = {
			isa = PBXProject;
			attributes = {
				BuildIndependentTargetsInParallel = 1;
				LastSwiftUpdateCheck = 1430;
				LastUpgradeCheck = 1430;
				TargetAttributes = {
					27788B302A056E01000442CA = {
						CreatedOnToolsVersion = 14.3;
					};
				};
			};
			buildConfigurationList = 27788B2C2A056E01000442CA /* Build configuration list for PBXProject "TheBeatlesApp" */;
			compatibilityVersion = "Xcode 14.0";
			developmentRegion = en;
			hasScannedForEncodings = 0;
			knownRegions = (
				en,
				Base,
			);
			mainGroup = 27788B282A056E01000442CA;
			productRefGroup = 27788B322A056E01000442CA /* Products */;
			projectDirPath = "";
			projectRoot = "";
			targets = (
				27788B302A056E01000442CA /* TheBeatlesApp */,
			);
		};
/* End PBXProject section */

/* Begin PBXResourcesBuildPhase section */
		27788B2F2A056E01000442CA /* Resources */ = {
			isa = PBXResourcesBuildPhase;
			buildActionMask = 2147483647;
			files = (
				273258B02A0583B60086CA5E /* Preview Assets.xcassets in Resources */,
				273258AD2A0583B60086CA5E /* songs.json in Resources */,
				273258AE2A0583B60086CA5E /* albums.json in Resources */,
				273258AB2A0583B60086CA5E /* Assets.xcassets in Resources */,
			);
			runOnlyForDeploymentPostprocessing = 0;
		};
/* End PBXResourcesBuildPhase section */

/* Begin PBXSourcesBuildPhase section */
		27788B2D2A056E01000442CA /* Sources */ = {
			isa = PBXSourcesBuildPhase;
			buildActionMask = 2147483647;
			files = (
				273258B32A0583B60086CA5E /* AlbumsView.swift in Sources */,
				273258B42A0583B60086CA5E /* Utils.swift in Sources */,
				273258AC2A0583B60086CA5E /* Song.swift in Sources */,
				273258B52A0583B60086CA5E /* FavoriteSongsView.swift in Sources */,
				27003EF72AD5BD1C000A8DAB /* AlbumWikipediaView.swift in Sources */,
				273258B22A0583B60086CA5E /* AlbumDetailsView.swift in Sources */,
				273258B12A0583B60086CA5E /* AlbumView.swift in Sources */,
				273258AF2A0583B60086CA5E /* Album.swift in Sources */,
				273258B72A0583B60086CA5E /* ContentView.swift in Sources */,
				273258B62A0583B60086CA5E /* TheBeatlesApp.swift in Sources */,
			);
			runOnlyForDeploymentPostprocessing = 0;
		};
/* End PBXSourcesBuildPhase section */

/* Begin XCBuildConfiguration section */
		27788B3D2A056E02000442CA /* Debug */ = {
			isa = XCBuildConfiguration;
			buildSettings = {
				ALWAYS_SEARCH_USER_PATHS = NO;
				CLANG_ANALYZER_NONNULL = YES;
				CLANG_ANALYZER_NUMBER_OBJECT_CONVERSION = YES_AGGRESSIVE;
				CLANG_CXX_LANGUAGE_STANDARD = "gnu++20";
				CLANG_ENABLE_MODULES = YES;
				CLANG_ENABLE_OBJC_ARC = YES;
				CLANG_ENABLE_OBJC_WEAK = YES;
				CLANG_WARN_BLOCK_CAPTURE_AUTORELEASING = YES;
				CLANG_WARN_BOOL_CONVERSION = YES;
				CLANG_WARN_COMMA = YES;
				CLANG_WARN_CONSTANT_CONVERSION = YES;
				CLANG_WARN_DEPRECATED_OBJC_IMPLEMENTATIONS = YES;
				CLANG_WARN_DIRECT_OBJC_ISA_USAGE = YES_ERROR;
				CLANG_WARN_DOCUMENTATION_COMMENTS = YES;
				CLANG_WARN_EMPTY_BODY = YES;
				CLANG_WARN_ENUM_CONVERSION = YES;
				CLANG_WARN_INFINITE_RECURSION = YES;
				CLANG_WARN_INT_CONVERSION = YES;
				CLANG_WARN_NON_LITERAL_NULL_CONVERSION = YES;
				CLANG_WARN_OBJC_IMPLICIT_RETAIN_SELF = YES;
				CLANG_WARN_OBJC_LITERAL_CONVERSION = YES;
				CLANG_WARN_OBJC_ROOT_CLASS = YES_ERROR;
				CLANG_WARN_QUOTED_INCLUDE_IN_FRAMEWORK_HEADER = YES;
				CLANG_WARN_RANGE_LOOP_ANALYSIS = YES;
				CLANG_WARN_STRICT_PROTOTYPES = YES;
				CLANG_WARN_SUSPICIOUS_MOVE = YES;
				CLANG_WARN_UNGUARDED_AVAILABILITY = YES_AGGRESSIVE;
				CLANG_WARN_UNREACHABLE_CODE = YES;
				CLANG_WARN__DUPLICATE_METHOD_MATCH = YES;
				COPY_PHASE_STRIP = NO;
				DEBUG_INFORMATION_FORMAT = dwarf;
				ENABLE_STRICT_OBJC_MSGSEND = YES;
				ENABLE_TESTABILITY = YES;
				GCC_C_LANGUAGE_STANDARD = gnu11;
				GCC_DYNAMIC_NO_PIC = NO;
				GCC_NO_COMMON_BLOCKS = YES;
				GCC_OPTIMIZATION_LEVEL = 0;
				GCC_PREPROCESSOR_DEFINITIONS = (
					"DEBUG=1",
					"$(inherited)",
				);
				GCC_WARN_64_TO_32_BIT_CONVERSION = YES;
				GCC_WARN_ABOUT_RETURN_TYPE = YES_ERROR;
				GCC_WARN_UNDECLARED_SELECTOR = YES;
				GCC_WARN_UNINITIALIZED_AUTOS = YES_AGGRESSIVE;
				GCC_WARN_UNUSED_FUNCTION = YES;
				GCC_WARN_UNUSED_VARIABLE = YES;
				IPHONEOS_DEPLOYMENT_TARGET = 16.4;
				MTL_ENABLE_DEBUG_INFO = INCLUDE_SOURCE;
				MTL_FAST_MATH = YES;
				ONLY_ACTIVE_ARCH = YES;
				SDKROOT = iphoneos;
				SWIFT_ACTIVE_COMPILATION_CONDITIONS = DEBUG;
				SWIFT_OPTIMIZATION_LEVEL = "-Onone";
			};
			name = Debug;
		};
		27788B3E2A056E02000442CA /* Release */ = {
			isa = XCBuildConfiguration;
			buildSettings = {
				ALWAYS_SEARCH_USER_PATHS = NO;
				CLANG_ANALYZER_NONNULL = YES;
				CLANG_ANALYZER_NUMBER_OBJECT_CONVERSION = YES_AGGRESSIVE;
				CLANG_CXX_LANGUAGE_STANDARD = "gnu++20";
				CLANG_ENABLE_MODULES = YES;
				CLANG_ENABLE_OBJC_ARC = YES;
				CLANG_ENABLE_OBJC_WEAK = YES;
				CLANG_WARN_BLOCK_CAPTURE_AUTORELEASING = YES;
				CLANG_WARN_BOOL_CONVERSION = YES;
				CLANG_WARN_COMMA = YES;
				CLANG_WARN_CONSTANT_CONVERSION = YES;
				CLANG_WARN_DEPRECATED_OBJC_IMPLEMENTATIONS = YES;
				CLANG_WARN_DIRECT_OBJC_ISA_USAGE = YES_ERROR;
				CLANG_WARN_DOCUMENTATION_COMMENTS = YES;
				CLANG_WARN_EMPTY_BODY = YES;
				CLANG_WARN_ENUM_CONVERSION = YES;
				CLANG_WARN_INFINITE_RECURSION = YES;
				CLANG_WARN_INT_CONVERSION = YES;
				CLANG_WARN_NON_LITERAL_NULL_CONVERSION = YES;
				CLANG_WARN_OBJC_IMPLICIT_RETAIN_SELF = YES;
				CLANG_WARN_OBJC_LITERAL_CONVERSION = YES;
				CLANG_WARN_OBJC_ROOT_CLASS = YES_ERROR;
				CLANG_WARN_QUOTED_INCLUDE_IN_FRAMEWORK_HEADER = YES;
				CLANG_WARN_RANGE_LOOP_ANALYSIS = YES;
				CLANG_WARN_STRICT_PROTOTYPES = YES;
				CLANG_WARN_SUSPICIOUS_MOVE = YES;
				CLANG_WARN_UNGUARDED_AVAILABILITY = YES_AGGRESSIVE;
				CLANG_WARN_UNREACHABLE_CODE = YES;
				CLANG_WARN__DUPLICATE_METHOD_MATCH = YES;
				COPY_PHASE_STRIP = NO;
				DEBUG_INFORMATION_FORMAT = "dwarf-with-dsym";
				ENABLE_NS_ASSERTIONS = NO;
				ENABLE_STRICT_OBJC_MSGSEND = YES;
				GCC_C_LANGUAGE_STANDARD = gnu11;
				GCC_NO_COMMON_BLOCKS = YES;
				GCC_WARN_64_TO_32_BIT_CONVERSION = YES;
				GCC_WARN_ABOUT_RETURN_TYPE = YES_ERROR;
				GCC_WARN_UNDECLARED_SELECTOR = YES;
				GCC_WARN_UNINITIALIZED_AUTOS = YES_AGGRESSIVE;
				GCC_WARN_UNUSED_FUNCTION = YES;
				GCC_WARN_UNUSED_VARIABLE = YES;
				IPHONEOS_DEPLOYMENT_TARGET = 16.4;
				MTL_ENABLE_DEBUG_INFO = NO;
				MTL_FAST_MATH = YES;
				SDKROOT = iphoneos;
				SWIFT_COMPILATION_MODE = wholemodule;
				SWIFT_OPTIMIZATION_LEVEL = "-O";
				VALIDATE_PRODUCT = YES;
			};
			name = Release;
		};
		27788B402A056E02000442CA /* Debug */ = {
			isa = XCBuildConfiguration;
			buildSettings = {
				ASSETCATALOG_COMPILER_APPICON_NAME = AppIcon;
				ASSETCATALOG_COMPILER_GLOBAL_ACCENT_COLOR_NAME = AccentColor;
				CODE_SIGN_STYLE = Automatic;
				CURRENT_PROJECT_VERSION = 1;
				DEVELOPMENT_ASSET_PATHS = "\"TheBeatlesApp/Preview Content\"";
				ENABLE_PREVIEWS = YES;
				GENERATE_INFOPLIST_FILE = YES;
				INFOPLIST_KEY_UIApplicationSceneManifest_Generation = YES;
				INFOPLIST_KEY_UIApplicationSupportsIndirectInputEvents = YES;
				INFOPLIST_KEY_UILaunchScreen_Generation = YES;
				INFOPLIST_KEY_UISupportedInterfaceOrientations_iPad = "UIInterfaceOrientationPortrait UIInterfaceOrientationPortraitUpsideDown UIInterfaceOrientationLandscapeLeft UIInterfaceOrientationLandscapeRight";
				INFOPLIST_KEY_UISupportedInterfaceOrientations_iPhone = "UIInterfaceOrientationPortrait UIInterfaceOrientationLandscapeLeft UIInterfaceOrientationLandscapeRight";
				LD_RUNPATH_SEARCH_PATHS = (
					"$(inherited)",
					"@executable_path/Frameworks",
				);
				MARKETING_VERSION = 1.0;
				PRODUCT_BUNDLE_IDENTIFIER = ada.ifce.TheBeatlesApp;
				PRODUCT_NAME = "$(TARGET_NAME)";
				SWIFT_EMIT_LOC_STRINGS = YES;
				SWIFT_VERSION = 5.0;
				TARGETED_DEVICE_FAMILY = "1,2";
			};
			name = Debug;
		};
		27788B412A056E02000442CA /* Release */ = {
			isa = XCBuildConfiguration;
			buildSettings = {
				ASSETCATALOG_COMPILER_APPICON_NAME = AppIcon;
				ASSETCATALOG_COMPILER_GLOBAL_ACCENT_COLOR_NAME = AccentColor;
				CODE_SIGN_STYLE = Automatic;
				CURRENT_PROJECT_VERSION = 1;
				DEVELOPMENT_ASSET_PATHS = "\"TheBeatlesApp/Preview Content\"";
				ENABLE_PREVIEWS = YES;
				GENERATE_INFOPLIST_FILE = YES;
				INFOPLIST_KEY_UIApplicationSceneManifest_Generation = YES;
				INFOPLIST_KEY_UIApplicationSupportsIndirectInputEvents = YES;
				INFOPLIST_KEY_UILaunchScreen_Generation = YES;
				INFOPLIST_KEY_UISupportedInterfaceOrientations_iPad = "UIInterfaceOrientationPortrait UIInterfaceOrientationPortraitUpsideDown UIInterfaceOrientationLandscapeLeft UIInterfaceOrientationLandscapeRight";
				INFOPLIST_KEY_UISupportedInterfaceOrientations_iPhone = "UIInterfaceOrientationPortrait UIInterfaceOrientationLandscapeLeft UIInterfaceOrientationLandscapeRight";
				LD_RUNPATH_SEARCH_PATHS = (
					"$(inherited)",
					"@executable_path/Frameworks",
				);
				MARKETING_VERSION = 1.0;
				PRODUCT_BUNDLE_IDENTIFIER = ada.ifce.TheBeatlesApp;
				PRODUCT_NAME = "$(TARGET_NAME)";
				SWIFT_EMIT_LOC_STRINGS = YES;
				SWIFT_VERSION = 5.0;
				TARGETED_DEVICE_FAMILY = "1,2";
			};
			name = Release;
		};
/* End XCBuildConfiguration section */

/* Begin XCConfigurationList section */
		27788B2C2A056E01000442CA /* Build configuration list for PBXProject "TheBeatlesApp" */ = {
			isa = XCConfigurationList;
			buildConfigurations = (
				27788B3D2A056E02000442CA /* Debug */,
				27788B3E2A056E02000442CA /* Release */,
			);
			defaultConfigurationIsVisible = 0;
			defaultConfigurationName = Release;
		};
		27788B3F2A056E02000442CA /* Build configuration list for PBXNativeTarget "TheBeatlesApp" */ = {
			isa = XCConfigurationList;
			buildConfigurations = (
				27788B402A056E02000442CA /* Debug */,
				27788B412A056E02000442CA /* Release */,
			);
			defaultConfigurationIsVisible = 0;
			defaultConfigurationName = Release;
		};
/* End XCConfigurationList section */
	};
	rootObject = 27788B292A056E01000442CA /* Project object */;
}
